hash: 5d463c702d25fd5763c21a6c61b059611eca5e3ca41a4181918f45419543e78e
updated: 2017-02-17T10:36:39.340143099Z
imports:
- name: github.com/jamieconnolly/mondas
  version: d8eae0b7f7aa7ea2edcc3b37077dd42f28de35ab
  subpackages:
  - cli
  - commands
  - utils
- name: github.com/kr/text
  version: 7cafcd837844e784b526369c9bce262804aebc60
- name: github.com/renstrom/dedent
  version: 020d11c3b9c0c7a3c2efcc8e5cf5b9ef7bcea21f
- name: github.com/texttheater/golang-levenshtein
  version: 1298e830a5c134c6830b6d472b7b81faa9492c0a
  subpackages:
  - levenshtein
testImports: []
