hash: d05494938b3d70415d4fba565b600b6ffeb55188dc6a439f635b96878811bff2
updated: 2017-02-02T17:36:06.160576178Z
imports:
- name: github.com/jamieconnolly/mondas
  version: 5fe5273a148ec0455bb083f62b71e1ba5e5be042
  subpackages:
  - cli
  - commands
  - utils
- name: github.com/kardianos/osext
  version: c2c54e542fb797ad986b31721e1baedf214ca413
- name: github.com/kr/text
  version: 7cafcd837844e784b526369c9bce262804aebc60
- name: github.com/renstrom/dedent
  version: 020d11c3b9c0c7a3c2efcc8e5cf5b9ef7bcea21f
- name: github.com/texttheater/golang-levenshtein
  version: 1298e830a5c134c6830b6d472b7b81faa9492c0a
  subpackages:
  - levenshtein
testImports: []
