hash: 4a6b53216c999b6a18d5ca1aa98c24a0ed57e7802a350f9e20eacb4a51bc1e62
updated: 2017-02-02T16:14:36.915438525Z
imports:
- name: github.com/jamieconnolly/mondas
  version: 33a39318c9d98a7975e07c2da295e92a09c0926c
  subpackages:
  - cli
  - commands
  - utils
- name: github.com/kardianos/osext
  version: c2c54e542fb797ad986b31721e1baedf214ca413
- name: github.com/kr/text
  version: 7cafcd837844e784b526369c9bce262804aebc60
- name: github.com/renstrom/dedent
  version: 020d11c3b9c0c7a3c2efcc8e5cf5b9ef7bcea21f
- name: github.com/texttheater/golang-levenshtein
  version: 1298e830a5c134c6830b6d472b7b81faa9492c0a
  subpackages:
  - levenshtein
testImports: []
