# This file is autogenerated, do not edit; changes may be undone by the next 'dep ensure'.


[[projects]]
  branch = "master"
  name = "github.com/jamieconnolly/mondas"
  packages = [".","cli","commands","utils"]
  revision = "fd60df8f79e416d36fee89bd34e06780f1604c8e"

[[projects]]
  branch = "master"
  name = "github.com/kr/text"
  packages = ["."]
  revision = "7cafcd837844e784b526369c9bce262804aebc60"

[[projects]]
  branch = "master"
  name = "github.com/renstrom/dedent"
  packages = ["."]
  revision = "020d11c3b9c0c7a3c2efcc8e5cf5b9ef7bcea21f"

[[projects]]
  branch = "master"
  name = "github.com/texttheater/golang-levenshtein"
  packages = ["levenshtein"]
  revision = "1a14278c506abae7c17b3cb0b84ae863c7300454"

[solve-meta]
  analyzer-name = "dep"
  analyzer-version = 1
  inputs-digest = "7f7ba46f8b0b07e2e43620177e40c295e6bb8131f24d465abbae51ae97ac13a5"
  solver-name = "gps-cdcl"
  solver-version = 1
