# This file is autogenerated, do not edit; changes may be undone by the next 'dep ensure'.


[[projects]]
  branch = "master"
  digest = "1:6ec050000e5b180ebeb4ee48e25374ef479efe58df7ef0c76aa0afcd666313a5"
  name = "github.com/jamieconnolly/mondas"
  packages = [
    ".",
    "cli",
    "commands",
    "utils",
  ]
  pruneopts = ""
  revision = "417fa5294ca7199addecf87d66074e479bf18ab5"

[[projects]]
  digest = "1:11b056b4421396ab14e384ab8ab8c2079b03f1e51aa5eb4d9b81f9e0d1aa8fbf"
  name = "github.com/kr/text"
  packages = ["."]
  pruneopts = ""
  revision = "e2ffdb16a802fe2bb95e2e35ff34f0e53aeef34f"
  version = "v0.1.0"

[[projects]]
  digest = "1:67e1c0452400f76beb20d393d1af7ac30039188fbc4db2ad24babd57cd433b03"
  name = "github.com/lithammer/dedent"
  packages = ["."]
  pruneopts = ""
  revision = "a1eba44eaecc89804e4b05ce2d17168eb353d524"
  version = "v1.0.0"

[[projects]]
  branch = "master"
  digest = "1:ff0671f12ff98386398469e4b44453369fe164563f48ddb6c6b8ce6963379f97"
  name = "github.com/texttheater/golang-levenshtein"
  packages = ["levenshtein"]
  pruneopts = ""
  revision = "d188e65d659ef53fcdb0691c12f1bba64928b649"

[solve-meta]
  analyzer-name = "dep"
  analyzer-version = 1
  input-imports = ["github.com/jamieconnolly/mondas"]
  solver-name = "gps-cdcl"
  solver-version = 1
